
Microsoft Visual Studio Solution File, Format Version 12.00
# Visual Studio Version 16
VisualStudioVersion = 16.0.29709.97
MinimumVisualStudioVersion = 10.0.40219.1
Project("{FAE04EC0-301F-11D3-BF4B-00C04F79EFBC}") = "Calc", "Calc.csproj", "{D88F0253-84D0-42F2-B7CA-043A9A8BEB9A}"
EndProject
Project("{FAE04EC0-301F-11D3-BF4B-00C04F79EFBC}") = "Calculator.Test.Unit", "..\Calculator.Test.Unit\Calculator.Test.Unit.csproj", "{F6C87BE0-C7AD-4C75-A34E-08B9CE8F42D9}"
EndProject
Global
	GlobalSection(SolutionConfigurationPlatforms) = preSolution
		Debug|Any CPU = Debug|Any CPU
		Release|Any CPU = Release|Any CPU
	EndGlobalSection
	GlobalSection(ProjectConfigurationPlatforms) = postSolution
		{D88F0253-84D0-42F2-B7CA-043A9A8BEB9A}.Debug|Any CPU.ActiveCfg = Debug|Any CPU
		{D88F0253-84D0-42F2-B7CA-043A9A8BEB9A}.Debug|Any CPU.Build.0 = Debug|Any CPU
		{D88F0253-84D0-42F2-B7CA-043A9A8BEB9A}.Release|Any CPU.ActiveCfg = Release|Any CPU
		{D88F0253-84D0-42F2-B7CA-043A9A8BEB9A}.Release|Any CPU.Build.0 = Release|Any CPU
		{F6C87BE0-C7AD-4C75-A34E-08B9CE8F42D9}.Debug|Any CPU.ActiveCfg = Debug|Any CPU
		{F6C87BE0-C7AD-4C75-A34E-08B9CE8F42D9}.Debug|Any CPU.Build.0 = Debug|Any CPU
		{F6C87BE0-C7AD-4C75-A34E-08B9CE8F42D9}.Release|Any CPU.ActiveCfg = Release|Any CPU
		{F6C87BE0-C7AD-4C75-A34E-08B9CE8F42D9}.Release|Any CPU.Build.0 = Release|Any CPU
	EndGlobalSection
	GlobalSection(SolutionProperties) = preSolution
		HideSolutionNode = FALSE
	EndGlobalSection
	GlobalSection(ExtensibilityGlobals) = postSolution
		SolutionGuid = {8893245E-91F4-4C7E-A19D-E8C9C3C19A31}
	EndGlobalSection
EndGlobal
